<Solution>
  <Folder Name="/ApiGateways/" />
  <Folder Name="/BuildingBlocks/">
    <Project Path="BuildingBlocks/BuildingBlocks/BuildingBlocks.csproj" Id="159c8b12-efcc-4b82-b577-d72e51813205" />
  </Folder>
  <Folder Name="/Services/" />
  <Folder Name="/Services/Basket/">
    <Project Path="Services/Basket/Basket.API/Basket.API.csproj" Id="da09c61c-2226-4bee-8045-b85acf2d32f3" />
  </Folder>
  <Folder Name="/Services/Catalog/">
    <Project Path="Services/Catalog/CatalogAPI/CatalogAPI.csproj" Id="51795d69-9f95-46df-8e03-e17170f54872" />
  </Folder>
  <Folder Name="/Services/Discount/">
    <Project Path="Services/Discount/Discount.Grpc/Discount.Grpc.csproj" Id="564516a8-72b4-4906-a0c2-3c136e459d77" />
  </Folder>
  <Folder Name="/Services/Ordering/">
    <Project Path="Services/Ordering/Ordering.API/Ordering.API.csproj" Id="ce18675a-8854-4402-be47-1b0b48627257" />
  </Folder>
  <Folder Name="/WebApps/" />
  <Project Path="docker-compose.dcproj">
    <Build />
  </Project>
</Solution>
