<Solution>
  <Folder Name="/ApiGateways/" />
  <Folder Name="/BuildingBlocks/">
    <Project Path="BuildingBlocks/BuildingBlocks/BuildingBlocks.csproj" Id="159c8b12-efcc-4b82-b577-d72e51813205" />
  </Folder>
  <Folder Name="/Services/" />
  <Folder Name="/Services/Basket/" />
  <Folder Name="/Services/Catalog/">
    <Project Path="Services/Catalog/CatalogAPI/CatalogAPI.csproj" Id="51795d69-9f95-46df-8e03-e17170f54872" />
  </Folder>
  <Folder Name="/Services/Discount/" />
  <Folder Name="/Services/Ordering/" />
  <Folder Name="/WebApps/" />
  <Project Path="docker-compose.dcproj">
    <Build />
  </Project>
</Solution>
